// !$*UTF8*$!
{
	archiveVersion = 1;
	classes = {
	};
	objectVersion = 46;
	objects = {

/* Begin PBXBuildFile section */
		738400301DEBE92600F6E0CE /* RNGoogleLogin.h in CopyFiles */ = {isa = PBXBuildFile; fileRef = 7384002F1DEBE92600F6E0CE /* RNGoogleLogin.h */; };
		738400321DEBE92600F6E0CE /* RNGoogleLogin.m in Sources */ = {isa = PBXBuildFile; fileRef = 738400311DEBE92600F6E0CE /* RNGoogleLogin.m */; };
		738400981DEC154100F6E0CE /* GoogleAppUtilities.framework in Frameworks */ = {isa = PBXBuildFile; fileRef = 738400901DEC154100F6E0CE /* GoogleAppUtilities.framework */; };
		738400991DEC154100F6E0CE /* GoogleAuthUtilities.framework in Frameworks */ = {isa = PBXBuildFile; fileRef = 738400911DEC154100F6E0CE /* GoogleAuthUtilities.framework */; };
		7384009A1DEC154100F6E0CE /* GoogleNetworkingUtilities.framework in Frameworks */ = {isa = PBXBuildFile; fileRef = 738400921DEC154100F6E0CE /* GoogleNetworkingUtilities.framework */; };
		7384009B1DEC154100F6E0CE /* GoogleSignIn.framework in Frameworks */ = {isa = PBXBuildFile; fileRef = 738400941DEC154100F6E0CE /* GoogleSignIn.framework */; };
		7384009C1DEC154100F6E0CE /* GoogleSymbolUtilities.framework in Frameworks */ = {isa = PBXBuildFile; fileRef = 738400951DEC154100F6E0CE /* GoogleSymbolUtilities.framework */; };
		7384009D1DEC154100F6E0CE /* GoogleUtilities.framework in Frameworks */ = {isa = PBXBuildFile; fileRef = 738400961DEC154100F6E0CE /* GoogleUtilities.framework */; };
/* End PBXBuildFile section */

/* Begin PBXCopyFilesBuildPhase section */
		7384002A1DEBE92600F6E0CE /* CopyFiles */ = {
			isa = PBXCopyFilesBuildPhase;
			buildActionMask = 2147483647;
			dstPath = "include/$(PRODUCT_NAME)";
			dstSubfolderSpec = 16;
			files = (
				738400301DEBE92600F6E0CE /* RNGoogleLogin.h in CopyFiles */,
			);
			runOnlyForDeploymentPostprocessing = 0;
		};
/* End PBXCopyFilesBuildPhase section */

/* Begin PBXFileReference section */
		7384002C1DEBE92600F6E0CE /* libRNGoogleLogin.a */ = {isa = PBXFileReference; explicitFileType = archive.ar; includeInIndex = 0; path = libRNGoogleLogin.a; sourceTree = BUILT_PRODUCTS_DIR; };
		7384002F1DEBE92600F6E0CE /* RNGoogleLogin.h */ = {isa = PBXFileReference; lastKnownFileType = sourcecode.c.h; path = RNGoogleLogin.h; sourceTree = "<group>"; };
		738400311DEBE92600F6E0CE /* RNGoogleLogin.m */ = {isa = PBXFileReference; lastKnownFileType = sourcecode.c.objc; path = RNGoogleLogin.m; sourceTree = "<group>"; };
		738400901DEC154100F6E0CE /* GoogleAppUtilities.framework */ = {isa = PBXFileReference; lastKnownFileType = wrapper.framework; path = GoogleAppUtilities.framework; sourceTree = "<group>"; };
		738400911DEC154100F6E0CE /* GoogleAuthUtilities.framework */ = {isa = PBXFileReference; lastKnownFileType = wrapper.framework; path = GoogleAuthUtilities.framework; sourceTree = "<group>"; };
		738400921DEC154100F6E0CE /* GoogleNetworkingUtilities.framework */ = {isa = PBXFileReference; lastKnownFileType = wrapper.framework; path = GoogleNetworkingUtilities.framework; sourceTree = "<group>"; };
		738400931DEC154100F6E0CE /* GoogleSignIn.bundle */ = {isa = PBXFileReference; lastKnownFileType = "wrapper.plug-in"; path = GoogleSignIn.bundle; sourceTree = "<group>"; };
		738400941DEC154100F6E0CE /* GoogleSignIn.framework */ = {isa = PBXFileReference; lastKnownFileType = wrapper.framework; path = GoogleSignIn.framework; sourceTree = "<group>"; };
		738400951DEC154100F6E0CE /* GoogleSymbolUtilities.framework */ = {isa = PBXFileReference; lastKnownFileType = wrapper.framework; path = GoogleSymbolUtilities.framework; sourceTree = "<group>"; };
		738400961DEC154100F6E0CE /* GoogleUtilities.framework */ = {isa = PBXFileReference; lastKnownFileType = wrapper.framework; path = GoogleUtilities.framework; sourceTree = "<group>"; };
/* End PBXFileReference section */

/* Begin PBXFrameworksBuildPhase section */
		738400291DEBE92600F6E0CE /* Frameworks */ = {
			isa = PBXFrameworksBuildPhase;
			buildActionMask = 2147483647;
			files = (
				7384009D1DEC154100F6E0CE /* GoogleUtilities.framework in Frameworks */,
				738400991DEC154100F6E0CE /* GoogleAuthUtilities.framework in Frameworks */,
				7384009A1DEC154100F6E0CE /* GoogleNetworkingUtilities.framework in Frameworks */,
				7384009C1DEC154100F6E0CE /* GoogleSymbolUtilities.framework in Frameworks */,
				738400981DEC154100F6E0CE /* GoogleAppUtilities.framework in Frameworks */,
				7384009B1DEC154100F6E0CE /* GoogleSignIn.framework in Frameworks */,
			);
			runOnlyForDeploymentPostprocessing = 0;
		};
/* End PBXFrameworksBuildPhase section */

/* Begin PBXGroup section */
		738400231DEBE92600F6E0CE = {
			isa = PBXGroup;
			children = (
				738400971DEC154100F6E0CE /* GoogleSdk */,
				7384002E1DEBE92600F6E0CE /* RNGoogleLogin */,
				7384002D1DEBE92600F6E0CE /* Products */,
			);
			sourceTree = "<group>";
		};
		7384002D1DEBE92600F6E0CE /* Products */ = {
			isa = PBXGroup;
			children = (
				7384002C1DEBE92600F6E0CE /* libRNGoogleLogin.a */,
			);
			name = Products;
			sourceTree = "<group>";
		};
		7384002E1DEBE92600F6E0CE /* RNGoogleLogin */ = {
			isa = PBXGroup;
			children = (
				7384002F1DEBE92600F6E0CE /* RNGoogleLogin.h */,
				738400311DEBE92600F6E0CE /* RNGoogleLogin.m */,
			);
			path = RNGoogleLogin;
			sourceTree = "<group>";
		};
		738400971DEC154100F6E0CE /* GoogleSdk */ = {
			isa = PBXGroup;
			children = (
				738400901DEC154100F6E0CE /* GoogleAppUtilities.framework */,
				738400911DEC154100F6E0CE /* GoogleAuthUtilities.framework */,
				738400921DEC154100F6E0CE /* GoogleNetworkingUtilities.framework */,
				738400931DEC154100F6E0CE /* GoogleSignIn.bundle */,
				738400941DEC154100F6E0CE /* GoogleSignIn.framework */,
				738400951DEC154100F6E0CE /* GoogleSymbolUtilities.framework */,
				738400961DEC154100F6E0CE /* GoogleUtilities.framework */,
			);
			path = GoogleSdk;
			sourceTree = "<group>";
		};
/* End PBXGroup section */

/* Begin PBXNativeTarget section */
		7384002B1DEBE92600F6E0CE /* RNGoogleLogin */ = {
			isa = PBXNativeTarget;
			buildConfigurationList = 738400351DEBE92600F6E0CE /* Build configuration list for PBXNativeTarget "RNGoogleLogin" */;
			buildPhases = (
				738400281DEBE92600F6E0CE /* Sources */,
				738400291DEBE92600F6E0CE /* Frameworks */,
				7384002A1DEBE92600F6E0CE /* CopyFiles */,
			);
			buildRules = (
			);
			dependencies = (
			);
			name = RNGoogleLogin;
			productName = RNGoogleLogin;
			productReference = 7384002C1DEBE92600F6E0CE /* libRNGoogleLogin.a */;
			productType = "com.apple.product-type.library.static";
		};
/* End PBXNativeTarget section */

/* Begin PBXProject section */
		738400241DEBE92600F6E0CE /* Project object */ = {
			isa = PBXProject;
			attributes = {
				LastUpgradeCheck = 0730;
				ORGANIZATIONNAME = Aotasoft;
				TargetAttributes = {
					7384002B1DEBE92600F6E0CE = {
						CreatedOnToolsVersion = 7.3.1;
						DevelopmentTeam = 766J4H3NXD;
					};
				};
			};
			buildConfigurationList = 738400271DEBE92600F6E0CE /* Build configuration list for PBXProject "RNGoogleLogin" */;
			compatibilityVersion = "Xcode 3.2";
			developmentRegion = English;
			hasScannedForEncodings = 0;
			knownRegions = (
				en,
			);
			mainGroup = 738400231DEBE92600F6E0CE;
			productRefGroup = 7384002D1DEBE92600F6E0CE /* Products */;
			projectDirPath = "";
			projectRoot = "";
			targets = (
				7384002B1DEBE92600F6E0CE /* RNGoogleLogin */,
			);
		};
/* End PBXProject section */

/* Begin PBXSourcesBuildPhase section */
		738400281DEBE92600F6E0CE /* Sources */ = {
			isa = PBXSourcesBuildPhase;
			buildActionMask = 2147483647;
			files = (
				738400321DEBE92600F6E0CE /* RNGoogleLogin.m in Sources */,
			);
			runOnlyForDeploymentPostprocessing = 0;
		};
/* End PBXSourcesBuildPhase section */

/* Begin XCBuildConfiguration section */
		738400331DEBE92600F6E0CE /* Debug */ = {
			isa = XCBuildConfiguration;
			buildSettings = {
				ALWAYS_SEARCH_USER_PATHS = NO;
				CLANG_ANALYZER_NONNULL = YES;
				CLANG_CXX_LANGUAGE_STANDARD = "gnu++0x";
				CLANG_CXX_LIBRARY = "libc++";
				CLANG_ENABLE_MODULES = YES;
				CLANG_ENABLE_OBJC_ARC = YES;
				CLANG_WARN_BOOL_CONVERSION = YES;
				CLANG_WARN_CONSTANT_CONVERSION = YES;
				CLANG_WARN_DIRECT_OBJC_ISA_USAGE = YES_ERROR;
				CLANG_WARN_EMPTY_BODY = YES;
				CLANG_WARN_ENUM_CONVERSION = YES;
				CLANG_WARN_INT_CONVERSION = YES;
				CLANG_WARN_OBJC_ROOT_CLASS = YES_ERROR;
				CLANG_WARN_UNREACHABLE_CODE = YES;
				CLANG_WARN__DUPLICATE_METHOD_MATCH = YES;
				"CODE_SIGN_IDENTITY[sdk=iphoneos*]" = "iPhone Developer";
				COPY_PHASE_STRIP = NO;
				DEBUG_INFORMATION_FORMAT = dwarf;
				ENABLE_STRICT_OBJC_MSGSEND = YES;
				ENABLE_TESTABILITY = YES;
				GCC_C_LANGUAGE_STANDARD = gnu99;
				GCC_DYNAMIC_NO_PIC = NO;
				GCC_NO_COMMON_BLOCKS = YES;
				GCC_OPTIMIZATION_LEVEL = 0;
				GCC_PREPROCESSOR_DEFINITIONS = (
					"DEBUG=1",
					"$(inherited)",
				);
				GCC_WARN_64_TO_32_BIT_CONVERSION = YES;
				GCC_WARN_ABOUT_RETURN_TYPE = YES_ERROR;
				GCC_WARN_UNDECLARED_SELECTOR = YES;
				GCC_WARN_UNINITIALIZED_AUTOS = YES_AGGRESSIVE;
				GCC_WARN_UNUSED_FUNCTION = YES;
				GCC_WARN_UNUSED_VARIABLE = YES;
				IPHONEOS_DEPLOYMENT_TARGET = 9.3;
				MTL_ENABLE_DEBUG_INFO = YES;
				ONLY_ACTIVE_ARCH = YES;
				SDKROOT = iphoneos;
			};
			name = Debug;
		};
		738400341DEBE92600F6E0CE /* Release */ = {
			isa = XCBuildConfiguration;
			buildSettings = {
				ALWAYS_SEARCH_USER_PATHS = NO;
				CLANG_ANALYZER_NONNULL = YES;
				CLANG_CXX_LANGUAGE_STANDARD = "gnu++0x";
				CLANG_CXX_LIBRARY = "libc++";
				CLANG_ENABLE_MODULES = YES;
				CLANG_ENABLE_OBJC_ARC = YES;
				CLANG_WARN_BOOL_CONVERSION = YES;
				CLANG_WARN_CONSTANT_CONVERSION = YES;
				CLANG_WARN_DIRECT_OBJC_ISA_USAGE = YES_ERROR;
				CLANG_WARN_EMPTY_BODY = YES;
				CLANG_WARN_ENUM_CONVERSION = YES;
				CLANG_WARN_INT_CONVERSION = YES;
				CLANG_WARN_OBJC_ROOT_CLASS = YES_ERROR;
				CLANG_WARN_UNREACHABLE_CODE = YES;
				CLANG_WARN__DUPLICATE_METHOD_MATCH = YES;
				"CODE_SIGN_IDENTITY[sdk=iphoneos*]" = "iPhone Developer";
				COPY_PHASE_STRIP = NO;
				DEBUG_INFORMATION_FORMAT = "dwarf-with-dsym";
				ENABLE_NS_ASSERTIONS = NO;
				ENABLE_STRICT_OBJC_MSGSEND = YES;
				GCC_C_LANGUAGE_STANDARD = gnu99;
				GCC_NO_COMMON_BLOCKS = YES;
				GCC_WARN_64_TO_32_BIT_CONVERSION = YES;
				GCC_WARN_ABOUT_RETURN_TYPE = YES_ERROR;
				GCC_WARN_UNDECLARED_SELECTOR = YES;
				GCC_WARN_UNINITIALIZED_AUTOS = YES_AGGRESSIVE;
				GCC_WARN_UNUSED_FUNCTION = YES;
				GCC_WARN_UNUSED_VARIABLE = YES;
				IPHONEOS_DEPLOYMENT_TARGET = 9.3;
				MTL_ENABLE_DEBUG_INFO = NO;
				SDKROOT = iphoneos;
				VALIDATE_PRODUCT = YES;
			};
			name = Release;
		};
		738400361DEBE92600F6E0CE /* Debug */ = {
			isa = XCBuildConfiguration;
			buildSettings = {
				FRAMEWORK_SEARCH_PATHS = (
					"$(inherited)",
					"$(PROJECT_DIR)/GoogleSdk",
				);
				HEADER_SEARCH_PATHS = (
					"$(inherited)",
					"$(SRCROOT)/../../react-native/React/**",
				);
				OTHER_LDFLAGS = "-ObjC";
				PRODUCT_NAME = "$(TARGET_NAME)";
				SKIP_INSTALL = YES;
			};
			name = Debug;
		};
		738400371DEBE92600F6E0CE /* Release */ = {
			isa = XCBuildConfiguration;
			buildSettings = {
				FRAMEWORK_SEARCH_PATHS = (
					"$(inherited)",
					"$(PROJECT_DIR)/GoogleSdk",
				);
				HEADER_SEARCH_PATHS = (
					"$(inherited)",
					"$(SRCROOT)/../../react-native/React/**",
				);
				OTHER_LDFLAGS = "-ObjC";
				PRODUCT_NAME = "$(TARGET_NAME)";
				SKIP_INSTALL = YES;
			};
			name = Release;
		};
/* End XCBuildConfiguration section */

/* Begin XCConfigurationList section */
		738400271DEBE92600F6E0CE /* Build configuration list for PBXProject "RNGoogleLogin" */ = {
			isa = XCConfigurationList;
			buildConfigurations = (
				738400331DEBE92600F6E0CE /* Debug */,
				738400341DEBE92600F6E0CE /* Release */,
			);
			defaultConfigurationIsVisible = 0;
			defaultConfigurationName = Release;
		};
		738400351DEBE92600F6E0CE /* Build configuration list for PBXNativeTarget "RNGoogleLogin" */ = {
			isa = XCConfigurationList;
			buildConfigurations = (
				738400361DEBE92600F6E0CE /* Debug */,
				738400371DEBE92600F6E0CE /* Release */,
			);
			defaultConfigurationIsVisible = 0;
			defaultConfigurationName = Release;
		};
/* End XCConfigurationList section */
	};
	rootObject = 738400241DEBE92600F6E0CE /* Project object */;
}
